
Microsoft Visual Studio Solution File, Format Version 12.00
# Visual Studio Version 16
VisualStudioVersion = 16.0.31605.320
MinimumVisualStudioVersion = 10.0.40219.1
Project("{FAE04EC0-301F-11D3-BF4B-00C04F79EFBC}") = "QuickPlay", "QuickPlay.csproj", "{066E55B4-F07F-48D0-96D7-654213BF1DA6}"
EndProject
Global
	GlobalSection(SolutionConfigurationPlatforms) = preSolution
		Debug|Any CPU = Debug|Any CPU
		Release|Any CPU = Release|Any CPU
	EndGlobalSection
	GlobalSection(ProjectConfigurationPlatforms) = postSolution
		{066E55B4-F07F-48D0-96D7-654213BF1DA6}.Debug|Any CPU.ActiveCfg = Debug|Any CPU
		{066E55B4-F07F-48D0-96D7-654213BF1DA6}.Debug|Any CPU.Build.0 = Debug|Any CPU
		{066E55B4-F07F-48D0-96D7-654213BF1DA6}.Release|Any CPU.ActiveCfg = Release|Any CPU
		{066E55B4-F07F-48D0-96D7-654213BF1DA6}.Release|Any CPU.Build.0 = Release|Any CPU
	EndGlobalSection
	GlobalSection(SolutionProperties) = preSolution
		HideSolutionNode = FALSE
	EndGlobalSection
	GlobalSection(ExtensibilityGlobals) = postSolution
		SolutionGuid = {752649FD-6B35-4D46-9880-B7B887DA3A31}
	EndGlobalSection
EndGlobal
